
Microsoft Visual Studio Solution File, Format Version 12.00
# Visual Studio 15
VisualStudioVersion = 15.0.27130.2020
MinimumVisualStudioVersion = 10.0.40219.1
Project("{9092AA53-FB77-4645-B42D-1CCCA6BD08BD}") = "SwaggerToPostman", "SwaggerToPostman.njsproj", "{81802810-000E-4315-BA89-ECB8E75FBA7F}"
EndProject
Global
	GlobalSection(SolutionConfigurationPlatforms) = preSolution
		Debug|Any CPU = Debug|Any CPU
		Release|Any CPU = Release|Any CPU
	EndGlobalSection
	GlobalSection(ProjectConfigurationPlatforms) = postSolution
		{81802810-000E-4315-BA89-ECB8E75FBA7F}.Debug|Any CPU.ActiveCfg = Debug|Any CPU
		{81802810-000E-4315-BA89-ECB8E75FBA7F}.Debug|Any CPU.Build.0 = Debug|Any CPU
		{81802810-000E-4315-BA89-ECB8E75FBA7F}.Release|Any CPU.ActiveCfg = Release|Any CPU
		{81802810-000E-4315-BA89-ECB8E75FBA7F}.Release|Any CPU.Build.0 = Release|Any CPU
	EndGlobalSection
	GlobalSection(SolutionProperties) = preSolution
		HideSolutionNode = FALSE
	EndGlobalSection
	GlobalSection(ExtensibilityGlobals) = postSolution
		SolutionGuid = {204BAB56-5B5F-4B7D-B1AE-9B3D0CF42BB6}
	EndGlobalSection
EndGlobal
